// !$*UTF8*$!
{
	archiveVersion = 1;
	classes = {
	};
	objectVersion = 56;
	objects = {

/* Begin PBXBuildFile section */
		FA3EBC702BEF8DDD00C62C50 /* LaunchCell.swift in Sources */ = {isa = PBXBuildFile; fileRef = FA3EBC6F2BEF8DDD00C62C50 /* LaunchCell.swift */; };
		FA4491292BE6443800772FD1 /* FirstViewModel.swift in Sources */ = {isa = PBXBuildFile; fileRef = FA4491282BE6443800772FD1 /* FirstViewModel.swift */; };
		FAA9CD9D2BF7932F00BE6462 /* ThirdViewControllerDelegate.swift in Sources */ = {isa = PBXBuildFile; fileRef = FAA9CD9C2BF7932F00BE6462 /* ThirdViewControllerDelegate.swift */; };
		FAAC69102BD681A9007BF6C0 /* AppDelegate.swift in Sources */ = {isa = PBXBuildFile; fileRef = FAAC690F2BD681A9007BF6C0 /* AppDelegate.swift */; };
		FAAC69122BD681A9007BF6C0 /* SceneDelegate.swift in Sources */ = {isa = PBXBuildFile; fileRef = FAAC69112BD681A9007BF6C0 /* SceneDelegate.swift */; };
		FAAC69192BD681AA007BF6C0 /* Assets.xcassets in Resources */ = {isa = PBXBuildFile; fileRef = FAAC69182BD681AA007BF6C0 /* Assets.xcassets */; };
		FAAC691C2BD681AA007BF6C0 /* Base in Resources */ = {isa = PBXBuildFile; fileRef = FAAC691B2BD681AA007BF6C0 /* Base */; };
		FAAC69282BD6843D007BF6C0 /* SecondViewController.swift in Sources */ = {isa = PBXBuildFile; fileRef = FAAC69272BD6843D007BF6C0 /* SecondViewController.swift */; };
		FAAC692A2BD68455007BF6C0 /* ThirdViewController.swift in Sources */ = {isa = PBXBuildFile; fileRef = FAAC69292BD68455007BF6C0 /* ThirdViewController.swift */; };
		FAAC692C2BD68489007BF6C0 /* FirstViewController.swift in Sources */ = {isa = PBXBuildFile; fileRef = FAAC692B2BD68489007BF6C0 /* FirstViewController.swift */; };
		FAAC69322BD69A08007BF6C0 /* NetworkManager.swift in Sources */ = {isa = PBXBuildFile; fileRef = FAAC69312BD69A08007BF6C0 /* NetworkManager.swift */; };
		FAAC69352BD6AB3D007BF6C0 /* RocketInfo.swift in Sources */ = {isa = PBXBuildFile; fileRef = FAAC69342BD6AB3D007BF6C0 /* RocketInfo.swift */; };
		FAAC69372BD6AB4F007BF6C0 /* Launch.swift in Sources */ = {isa = PBXBuildFile; fileRef = FAAC69362BD6AB4F007BF6C0 /* Launch.swift */; };
		FAB66BFB2BE7BCCD0040A8BA /* ParameterInfoCell.swift in Sources */ = {isa = PBXBuildFile; fileRef = FAB66BFA2BE7BCCD0040A8BA /* ParameterInfoCell.swift */; };
		FAC1162C2BF50A18007BFBB0 /* FirstContentView.swift in Sources */ = {isa = PBXBuildFile; fileRef = FAC1162B2BF50A18007BFBB0 /* FirstContentView.swift */; };
		FAC1162E2BF513D8007BFBB0 /* ThirdViewModel.swift in Sources */ = {isa = PBXBuildFile; fileRef = FAC1162D2BF513D8007BFBB0 /* ThirdViewModel.swift */; };
		FAC116302BF5140A007BFBB0 /* ThirdContentView.swift in Sources */ = {isa = PBXBuildFile; fileRef = FAC1162F2BF5140A007BFBB0 /* ThirdContentView.swift */; };
/* End PBXBuildFile section */

/* Begin PBXFileReference section */
		FA3EBC6F2BEF8DDD00C62C50 /* LaunchCell.swift */ = {isa = PBXFileReference; lastKnownFileType = sourcecode.swift; path = LaunchCell.swift; sourceTree = "<group>"; };
		FA4491282BE6443800772FD1 /* FirstViewModel.swift */ = {isa = PBXFileReference; lastKnownFileType = sourcecode.swift; path = FirstViewModel.swift; sourceTree = "<group>"; };
		FAA9CD9C2BF7932F00BE6462 /* ThirdViewControllerDelegate.swift */ = {isa = PBXFileReference; lastKnownFileType = sourcecode.swift; path = ThirdViewControllerDelegate.swift; sourceTree = "<group>"; };
		FAAC690C2BD681A9007BF6C0 /* SpaceX.app */ = {isa = PBXFileReference; explicitFileType = wrapper.application; includeInIndex = 0; path = SpaceX.app; sourceTree = BUILT_PRODUCTS_DIR; };
		FAAC690F2BD681A9007BF6C0 /* AppDelegate.swift */ = {isa = PBXFileReference; lastKnownFileType = sourcecode.swift; path = AppDelegate.swift; sourceTree = "<group>"; };
		FAAC69112BD681A9007BF6C0 /* SceneDelegate.swift */ = {isa = PBXFileReference; lastKnownFileType = sourcecode.swift; path = SceneDelegate.swift; sourceTree = "<group>"; };
		FAAC69182BD681AA007BF6C0 /* Assets.xcassets */ = {isa = PBXFileReference; lastKnownFileType = folder.assetcatalog; path = Assets.xcassets; sourceTree = "<group>"; };
		FAAC691B2BD681AA007BF6C0 /* Base */ = {isa = PBXFileReference; lastKnownFileType = file.storyboard; name = Base; path = Base.lproj/LaunchScreen.storyboard; sourceTree = "<group>"; };
		FAAC691D2BD681AA007BF6C0 /* Info.plist */ = {isa = PBXFileReference; lastKnownFileType = text.plist.xml; path = Info.plist; sourceTree = "<group>"; };
		FAAC69272BD6843D007BF6C0 /* SecondViewController.swift */ = {isa = PBXFileReference; lastKnownFileType = sourcecode.swift; path = SecondViewController.swift; sourceTree = "<group>"; };
		FAAC69292BD68455007BF6C0 /* ThirdViewController.swift */ = {isa = PBXFileReference; lastKnownFileType = sourcecode.swift; path = ThirdViewController.swift; sourceTree = "<group>"; };
		FAAC692B2BD68489007BF6C0 /* FirstViewController.swift */ = {isa = PBXFileReference; lastKnownFileType = sourcecode.swift; path = FirstViewController.swift; sourceTree = "<group>"; };
		FAAC69312BD69A08007BF6C0 /* NetworkManager.swift */ = {isa = PBXFileReference; lastKnownFileType = sourcecode.swift; path = NetworkManager.swift; sourceTree = "<group>"; };
		FAAC69342BD6AB3D007BF6C0 /* RocketInfo.swift */ = {isa = PBXFileReference; lastKnownFileType = sourcecode.swift; path = RocketInfo.swift; sourceTree = "<group>"; };
		FAAC69362BD6AB4F007BF6C0 /* Launch.swift */ = {isa = PBXFileReference; lastKnownFileType = sourcecode.swift; path = Launch.swift; sourceTree = "<group>"; };
		FAB66BFA2BE7BCCD0040A8BA /* ParameterInfoCell.swift */ = {isa = PBXFileReference; lastKnownFileType = sourcecode.swift; path = ParameterInfoCell.swift; sourceTree = "<group>"; };
		FAC1162B2BF50A18007BFBB0 /* FirstContentView.swift */ = {isa = PBXFileReference; lastKnownFileType = sourcecode.swift; path = FirstContentView.swift; sourceTree = "<group>"; };
		FAC1162D2BF513D8007BFBB0 /* ThirdViewModel.swift */ = {isa = PBXFileReference; lastKnownFileType = sourcecode.swift; path = ThirdViewModel.swift; sourceTree = "<group>"; };
		FAC1162F2BF5140A007BFBB0 /* ThirdContentView.swift */ = {isa = PBXFileReference; lastKnownFileType = sourcecode.swift; path = ThirdContentView.swift; sourceTree = "<group>"; };
/* End PBXFileReference section */

/* Begin PBXFrameworksBuildPhase section */
		FAAC69092BD681A9007BF6C0 /* Frameworks */ = {
			isa = PBXFrameworksBuildPhase;
			buildActionMask = 2147483647;
			files = (
			);
			runOnlyForDeploymentPostprocessing = 0;
		};
/* End PBXFrameworksBuildPhase section */

/* Begin PBXGroup section */
		FAAC69032BD681A9007BF6C0 = {
			isa = PBXGroup;
			children = (
				FAAC690E2BD681A9007BF6C0 /* SpaceX */,
				FAAC690D2BD681A9007BF6C0 /* Products */,
			);
			sourceTree = "<group>";
		};
		FAAC690D2BD681A9007BF6C0 /* Products */ = {
			isa = PBXGroup;
			children = (
				FAAC690C2BD681A9007BF6C0 /* SpaceX.app */,
			);
			name = Products;
			sourceTree = "<group>";
		};
		FAAC690E2BD681A9007BF6C0 /* SpaceX */ = {
			isa = PBXGroup;
			children = (
				FAAC69232BD682B8007BF6C0 /* Supporting Files */,
				FAAC69382BD6B0BD007BF6C0 /* Resourses */,
				FAAC69302BD699F2007BF6C0 /* Managers */,
				FAAC69332BD6AB12007BF6C0 /* Models */,
				FAAC69242BD683C6007BF6C0 /* Scenes */,
			);
			path = SpaceX;
			sourceTree = "<group>";
		};
		FAAC69232BD682B8007BF6C0 /* Supporting Files */ = {
			isa = PBXGroup;
			children = (
				FAAC69182BD681AA007BF6C0 /* Assets.xcassets */,
				FAAC691A2BD681AA007BF6C0 /* LaunchScreen.storyboard */,
				FAAC691D2BD681AA007BF6C0 /* Info.plist */,
			);
			path = "Supporting Files";
			sourceTree = "<group>";
		};
		FAAC69242BD683C6007BF6C0 /* Scenes */ = {
			isa = PBXGroup;
			children = (
				FAAC692D2BD687F2007BF6C0 /* FirstView */,
				FAAC692E2BD687FD007BF6C0 /* SecondView */,
				FAAC692F2BD68807007BF6C0 /* ThirdView */,
			);
			path = Scenes;
			sourceTree = "<group>";
		};
		FAAC692D2BD687F2007BF6C0 /* FirstView */ = {
			isa = PBXGroup;
			children = (
				FA4491282BE6443800772FD1 /* FirstViewModel.swift */,
				FAB66BFA2BE7BCCD0040A8BA /* ParameterInfoCell.swift */,
				FAC1162B2BF50A18007BFBB0 /* FirstContentView.swift */,
				FAAC692B2BD68489007BF6C0 /* FirstViewController.swift */,
			);
			path = FirstView;
			sourceTree = "<group>";
		};
		FAAC692E2BD687FD007BF6C0 /* SecondView */ = {
			isa = PBXGroup;
			children = (
				FA3EBC6F2BEF8DDD00C62C50 /* LaunchCell.swift */,
				FAAC69272BD6843D007BF6C0 /* SecondViewController.swift */,
			);
			path = SecondView;
			sourceTree = "<group>";
		};
		FAAC692F2BD68807007BF6C0 /* ThirdView */ = {
			isa = PBXGroup;
			children = (
				FAC1162D2BF513D8007BFBB0 /* ThirdViewModel.swift */,
				FAC1162F2BF5140A007BFBB0 /* ThirdContentView.swift */,
				FAAC69292BD68455007BF6C0 /* ThirdViewController.swift */,
				FAA9CD9C2BF7932F00BE6462 /* ThirdViewControllerDelegate.swift */,
			);
			path = ThirdView;
			sourceTree = "<group>";
		};
		FAAC69302BD699F2007BF6C0 /* Managers */ = {
			isa = PBXGroup;
			children = (
				FAAC69312BD69A08007BF6C0 /* NetworkManager.swift */,
			);
			path = Managers;
			sourceTree = "<group>";
		};
		FAAC69332BD6AB12007BF6C0 /* Models */ = {
			isa = PBXGroup;
			children = (
				FAAC69342BD6AB3D007BF6C0 /* RocketInfo.swift */,
				FAAC69362BD6AB4F007BF6C0 /* Launch.swift */,
			);
			path = Models;
			sourceTree = "<group>";
		};
		FAAC69382BD6B0BD007BF6C0 /* Resourses */ = {
			isa = PBXGroup;
			children = (
				FAAC690F2BD681A9007BF6C0 /* AppDelegate.swift */,
				FAAC69112BD681A9007BF6C0 /* SceneDelegate.swift */,
			);
			path = Resourses;
			sourceTree = "<group>";
		};
/* End PBXGroup section */

/* Begin PBXNativeTarget section */
		FAAC690B2BD681A9007BF6C0 /* SpaceX */ = {
			isa = PBXNativeTarget;
			buildConfigurationList = FAAC69202BD681AA007BF6C0 /* Build configuration list for PBXNativeTarget "SpaceX" */;
			buildPhases = (
				FAAC69082BD681A9007BF6C0 /* Sources */,
				FAAC69092BD681A9007BF6C0 /* Frameworks */,
				FAAC690A2BD681A9007BF6C0 /* Resources */,
			);
			buildRules = (
			);
			dependencies = (
			);
			name = SpaceX;
			productName = SpaceX;
			productReference = FAAC690C2BD681A9007BF6C0 /* SpaceX.app */;
			productType = "com.apple.product-type.application";
		};
/* End PBXNativeTarget section */

/* Begin PBXProject section */
		FAAC69042BD681A9007BF6C0 /* Project object */ = {
			isa = PBXProject;
			attributes = {
				BuildIndependentTargetsInParallel = 1;
				LastSwiftUpdateCheck = 1530;
				LastUpgradeCheck = 1530;
				TargetAttributes = {
					FAAC690B2BD681A9007BF6C0 = {
						CreatedOnToolsVersion = 15.3;
					};
				};
			};
			buildConfigurationList = FAAC69072BD681A9007BF6C0 /* Build configuration list for PBXProject "SpaceX" */;
			compatibilityVersion = "Xcode 14.0";
			developmentRegion = en;
			hasScannedForEncodings = 0;
			knownRegions = (
				en,
				Base,
			);
			mainGroup = FAAC69032BD681A9007BF6C0;
			productRefGroup = FAAC690D2BD681A9007BF6C0 /* Products */;
			projectDirPath = "";
			projectRoot = "";
			targets = (
				FAAC690B2BD681A9007BF6C0 /* SpaceX */,
			);
		};
/* End PBXProject section */

/* Begin PBXResourcesBuildPhase section */
		FAAC690A2BD681A9007BF6C0 /* Resources */ = {
			isa = PBXResourcesBuildPhase;
			buildActionMask = 2147483647;
			files = (
				FAAC69192BD681AA007BF6C0 /* Assets.xcassets in Resources */,
				FAAC691C2BD681AA007BF6C0 /* Base in Resources */,
			);
			runOnlyForDeploymentPostprocessing = 0;
		};
/* End PBXResourcesBuildPhase section */

/* Begin PBXSourcesBuildPhase section */
		FAAC69082BD681A9007BF6C0 /* Sources */ = {
			isa = PBXSourcesBuildPhase;
			buildActionMask = 2147483647;
			files = (
				FAA9CD9D2BF7932F00BE6462 /* ThirdViewControllerDelegate.swift in Sources */,
				FAAC69322BD69A08007BF6C0 /* NetworkManager.swift in Sources */,
				FA4491292BE6443800772FD1 /* FirstViewModel.swift in Sources */,
				FAB66BFB2BE7BCCD0040A8BA /* ParameterInfoCell.swift in Sources */,
				FAC1162C2BF50A18007BFBB0 /* FirstContentView.swift in Sources */,
				FAAC692C2BD68489007BF6C0 /* FirstViewController.swift in Sources */,
				FAAC69372BD6AB4F007BF6C0 /* Launch.swift in Sources */,
				FAAC69282BD6843D007BF6C0 /* SecondViewController.swift in Sources */,
				FAC1162E2BF513D8007BFBB0 /* ThirdViewModel.swift in Sources */,
				FAC116302BF5140A007BFBB0 /* ThirdContentView.swift in Sources */,
				FAAC69352BD6AB3D007BF6C0 /* RocketInfo.swift in Sources */,
				FAAC692A2BD68455007BF6C0 /* ThirdViewController.swift in Sources */,
				FA3EBC702BEF8DDD00C62C50 /* LaunchCell.swift in Sources */,
				FAAC69102BD681A9007BF6C0 /* AppDelegate.swift in Sources */,
				FAAC69122BD681A9007BF6C0 /* SceneDelegate.swift in Sources */,
			);
			runOnlyForDeploymentPostprocessing = 0;
		};
/* End PBXSourcesBuildPhase section */

/* Begin PBXVariantGroup section */
		FAAC691A2BD681AA007BF6C0 /* LaunchScreen.storyboard */ = {
			isa = PBXVariantGroup;
			children = (
				FAAC691B2BD681AA007BF6C0 /* Base */,
			);
			name = LaunchScreen.storyboard;
			sourceTree = "<group>";
		};
/* End PBXVariantGroup section */

/* Begin XCBuildConfiguration section */
		FAAC691E2BD681AA007BF6C0 /* Debug */ = {
			isa = XCBuildConfiguration;
			buildSettings = {
				ALWAYS_SEARCH_USER_PATHS = NO;
				ASSETCATALOG_COMPILER_GENERATE_SWIFT_ASSET_SYMBOL_EXTENSIONS = YES;
				CLANG_ANALYZER_NONNULL = YES;
				CLANG_ANALYZER_NUMBER_OBJECT_CONVERSION = YES_AGGRESSIVE;
				CLANG_CXX_LANGUAGE_STANDARD = "gnu++20";
				CLANG_ENABLE_MODULES = YES;
				CLANG_ENABLE_OBJC_ARC = YES;
				CLANG_ENABLE_OBJC_WEAK = YES;
				CLANG_WARN_BLOCK_CAPTURE_AUTORELEASING = YES;
				CLANG_WARN_BOOL_CONVERSION = YES;
				CLANG_WARN_COMMA = YES;
				CLANG_WARN_CONSTANT_CONVERSION = YES;
				CLANG_WARN_DEPRECATED_OBJC_IMPLEMENTATIONS = YES;
				CLANG_WARN_DIRECT_OBJC_ISA_USAGE = YES_ERROR;
				CLANG_WARN_DOCUMENTATION_COMMENTS = YES;
				CLANG_WARN_EMPTY_BODY = YES;
				CLANG_WARN_ENUM_CONVERSION = YES;
				CLANG_WARN_INFINITE_RECURSION = YES;
				CLANG_WARN_INT_CONVERSION = YES;
				CLANG_WARN_NON_LITERAL_NULL_CONVERSION = YES;
				CLANG_WARN_OBJC_IMPLICIT_RETAIN_SELF = YES;
				CLANG_WARN_OBJC_LITERAL_CONVERSION = YES;
				CLANG_WARN_OBJC_ROOT_CLASS = YES_ERROR;
				CLANG_WARN_QUOTED_INCLUDE_IN_FRAMEWORK_HEADER = YES;
				CLANG_WARN_RANGE_LOOP_ANALYSIS = YES;
				CLANG_WARN_STRICT_PROTOTYPES = YES;
				CLANG_WARN_SUSPICIOUS_MOVE = YES;
				CLANG_WARN_UNGUARDED_AVAILABILITY = YES_AGGRESSIVE;
				CLANG_WARN_UNREACHABLE_CODE = YES;
				CLANG_WARN__DUPLICATE_METHOD_MATCH = YES;
				COPY_PHASE_STRIP = NO;
				DEBUG_INFORMATION_FORMAT = dwarf;
				ENABLE_STRICT_OBJC_MSGSEND = YES;
				ENABLE_TESTABILITY = YES;
				ENABLE_USER_SCRIPT_SANDBOXING = YES;
				GCC_C_LANGUAGE_STANDARD = gnu17;
				GCC_DYNAMIC_NO_PIC = NO;
				GCC_NO_COMMON_BLOCKS = YES;
				GCC_OPTIMIZATION_LEVEL = 0;
				GCC_PREPROCESSOR_DEFINITIONS = (
					"DEBUG=1",
					"$(inherited)",
				);
				GCC_WARN_64_TO_32_BIT_CONVERSION = YES;
				GCC_WARN_ABOUT_RETURN_TYPE = YES_ERROR;
				GCC_WARN_UNDECLARED_SELECTOR = YES;
				GCC_WARN_UNINITIALIZED_AUTOS = YES_AGGRESSIVE;
				GCC_WARN_UNUSED_FUNCTION = YES;
				GCC_WARN_UNUSED_VARIABLE = YES;
				IPHONEOS_DEPLOYMENT_TARGET = 17.4;
				LOCALIZATION_PREFERS_STRING_CATALOGS = YES;
				MTL_ENABLE_DEBUG_INFO = INCLUDE_SOURCE;
				MTL_FAST_MATH = YES;
				ONLY_ACTIVE_ARCH = YES;
				SDKROOT = iphoneos;
				SWIFT_ACTIVE_COMPILATION_CONDITIONS = "DEBUG $(inherited)";
				SWIFT_OPTIMIZATION_LEVEL = "-Onone";
			};
			name = Debug;
		};
		FAAC691F2BD681AA007BF6C0 /* Release */ = {
			isa = XCBuildConfiguration;
			buildSettings = {
				ALWAYS_SEARCH_USER_PATHS = NO;
				ASSETCATALOG_COMPILER_GENERATE_SWIFT_ASSET_SYMBOL_EXTENSIONS = YES;
				CLANG_ANALYZER_NONNULL = YES;
				CLANG_ANALYZER_NUMBER_OBJECT_CONVERSION = YES_AGGRESSIVE;
				CLANG_CXX_LANGUAGE_STANDARD = "gnu++20";
				CLANG_ENABLE_MODULES = YES;
				CLANG_ENABLE_OBJC_ARC = YES;
				CLANG_ENABLE_OBJC_WEAK = YES;
				CLANG_WARN_BLOCK_CAPTURE_AUTORELEASING = YES;
				CLANG_WARN_BOOL_CONVERSION = YES;
				CLANG_WARN_COMMA = YES;
				CLANG_WARN_CONSTANT_CONVERSION = YES;
				CLANG_WARN_DEPRECATED_OBJC_IMPLEMENTATIONS = YES;
				CLANG_WARN_DIRECT_OBJC_ISA_USAGE = YES_ERROR;
				CLANG_WARN_DOCUMENTATION_COMMENTS = YES;
				CLANG_WARN_EMPTY_BODY = YES;
				CLANG_WARN_ENUM_CONVERSION = YES;
				CLANG_WARN_INFINITE_RECURSION = YES;
				CLANG_WARN_INT_CONVERSION = YES;
				CLANG_WARN_NON_LITERAL_NULL_CONVERSION = YES;
				CLANG_WARN_OBJC_IMPLICIT_RETAIN_SELF = YES;
				CLANG_WARN_OBJC_LITERAL_CONVERSION = YES;
				CLANG_WARN_OBJC_ROOT_CLASS = YES_ERROR;
				CLANG_WARN_QUOTED_INCLUDE_IN_FRAMEWORK_HEADER = YES;
				CLANG_WARN_RANGE_LOOP_ANALYSIS = YES;
				CLANG_WARN_STRICT_PROTOTYPES = YES;
				CLANG_WARN_SUSPICIOUS_MOVE = YES;
				CLANG_WARN_UNGUARDED_AVAILABILITY = YES_AGGRESSIVE;
				CLANG_WARN_UNREACHABLE_CODE = YES;
				CLANG_WARN__DUPLICATE_METHOD_MATCH = YES;
				COPY_PHASE_STRIP = NO;
				DEBUG_INFORMATION_FORMAT = "dwarf-with-dsym";
				ENABLE_NS_ASSERTIONS = NO;
				ENABLE_STRICT_OBJC_MSGSEND = YES;
				ENABLE_USER_SCRIPT_SANDBOXING = YES;
				GCC_C_LANGUAGE_STANDARD = gnu17;
				GCC_NO_COMMON_BLOCKS = YES;
				GCC_WARN_64_TO_32_BIT_CONVERSION = YES;
				GCC_WARN_ABOUT_RETURN_TYPE = YES_ERROR;
				GCC_WARN_UNDECLARED_SELECTOR = YES;
				GCC_WARN_UNINITIALIZED_AUTOS = YES_AGGRESSIVE;
				GCC_WARN_UNUSED_FUNCTION = YES;
				GCC_WARN_UNUSED_VARIABLE = YES;
				IPHONEOS_DEPLOYMENT_TARGET = 17.4;
				LOCALIZATION_PREFERS_STRING_CATALOGS = YES;
				MTL_ENABLE_DEBUG_INFO = NO;
				MTL_FAST_MATH = YES;
				SDKROOT = iphoneos;
				SWIFT_COMPILATION_MODE = wholemodule;
				VALIDATE_PRODUCT = YES;
			};
			name = Release;
		};
		FAAC69212BD681AA007BF6C0 /* Debug */ = {
			isa = XCBuildConfiguration;
			buildSettings = {
				ASSETCATALOG_COMPILER_APPICON_NAME = AppIcon;
				ASSETCATALOG_COMPILER_GLOBAL_ACCENT_COLOR_NAME = AccentColor;
				CODE_SIGN_STYLE = Automatic;
				CURRENT_PROJECT_VERSION = 1;
				DEVELOPMENT_TEAM = C3FR263H69;
				GENERATE_INFOPLIST_FILE = YES;
				INFOPLIST_FILE = "SpaceX/Supporting Files/Info.plist";
				INFOPLIST_KEY_UIApplicationSupportsIndirectInputEvents = YES;
				INFOPLIST_KEY_UILaunchStoryboardName = LaunchScreen;
				INFOPLIST_KEY_UISupportedInterfaceOrientations = UIInterfaceOrientationPortrait;
				IPHONEOS_DEPLOYMENT_TARGET = 16.7;
				LD_RUNPATH_SEARCH_PATHS = (
					"$(inherited)",
					"@executable_path/Frameworks",
				);
				MARKETING_VERSION = 1.0;
				PRODUCT_BUNDLE_IDENTIFIER = com.ins.SpaceX;
				PRODUCT_NAME = "$(TARGET_NAME)";
				SWIFT_EMIT_LOC_STRINGS = YES;
				SWIFT_VERSION = 5.0;
				TARGETED_DEVICE_FAMILY = "1,2";
			};
			name = Debug;
		};
		FAAC69222BD681AA007BF6C0 /* Release */ = {
			isa = XCBuildConfiguration;
			buildSettings = {
				ASSETCATALOG_COMPILER_APPICON_NAME = AppIcon;
				ASSETCATALOG_COMPILER_GLOBAL_ACCENT_COLOR_NAME = AccentColor;
				CODE_SIGN_STYLE = Automatic;
				CURRENT_PROJECT_VERSION = 1;
				DEVELOPMENT_TEAM = C3FR263H69;
				GENERATE_INFOPLIST_FILE = YES;
				INFOPLIST_FILE = "SpaceX/Supporting Files/Info.plist";
				INFOPLIST_KEY_UIApplicationSupportsIndirectInputEvents = YES;
				INFOPLIST_KEY_UILaunchStoryboardName = LaunchScreen;
				INFOPLIST_KEY_UISupportedInterfaceOrientations = UIInterfaceOrientationPortrait;
				IPHONEOS_DEPLOYMENT_TARGET = 16.7;
				LD_RUNPATH_SEARCH_PATHS = (
					"$(inherited)",
					"@executable_path/Frameworks",
				);
				MARKETING_VERSION = 1.0;
				PRODUCT_BUNDLE_IDENTIFIER = com.ins.SpaceX;
				PRODUCT_NAME = "$(TARGET_NAME)";
				SWIFT_EMIT_LOC_STRINGS = YES;
				SWIFT_VERSION = 5.0;
				TARGETED_DEVICE_FAMILY = "1,2";
			};
			name = Release;
		};
/* End XCBuildConfiguration section */

/* Begin XCConfigurationList section */
		FAAC69072BD681A9007BF6C0 /* Build configuration list for PBXProject "SpaceX" */ = {
			isa = XCConfigurationList;
			buildConfigurations = (
				FAAC691E2BD681AA007BF6C0 /* Debug */,
				FAAC691F2BD681AA007BF6C0 /* Release */,
			);
			defaultConfigurationIsVisible = 0;
			defaultConfigurationName = Release;
		};
		FAAC69202BD681AA007BF6C0 /* Build configuration list for PBXNativeTarget "SpaceX" */ = {
			isa = XCConfigurationList;
			buildConfigurations = (
				FAAC69212BD681AA007BF6C0 /* Debug */,
				FAAC69222BD681AA007BF6C0 /* Release */,
			);
			defaultConfigurationIsVisible = 0;
			defaultConfigurationName = Release;
		};
/* End XCConfigurationList section */
	};
	rootObject = FAAC69042BD681A9007BF6C0 /* Project object */;
}
